
Microsoft Visual Studio Solution File, Format Version 11.00
# Visual Studio 2010
Project("{FAE04EC0-301F-11D3-BF4B-00C04F79EFBC}") = "Naming", "Assembly-CSharp.csproj", "{FA10DCBC-6460-96D1-DA64-F61761048E70}"
EndProject
Project("{FAE04EC0-301F-11D3-BF4B-00C04F79EFBC}") = "Naming", "Assembly-CSharp-Editor.csproj", "{CADA2E72-6941-2CF2-3F48-03794B5A6468}"
EndProject
Global
	GlobalSection(SolutionConfigurationPlatforms) = preSolution
		Debug|Any CPU = Debug|Any CPU
		Release|Any CPU = Release|Any CPU
	EndGlobalSection
	GlobalSection(ProjectConfigurationPlatforms) = postSolution
		{FA10DCBC-6460-96D1-DA64-F61761048E70}.Debug|Any CPU.ActiveCfg = Debug|Any CPU
		{FA10DCBC-6460-96D1-DA64-F61761048E70}.Debug|Any CPU.Build.0 = Debug|Any CPU
		{FA10DCBC-6460-96D1-DA64-F61761048E70}.Release|Any CPU.ActiveCfg = Release|Any CPU
		{FA10DCBC-6460-96D1-DA64-F61761048E70}.Release|Any CPU.Build.0 = Release|Any CPU
		{CADA2E72-6941-2CF2-3F48-03794B5A6468}.Debug|Any CPU.ActiveCfg = Debug|Any CPU
		{CADA2E72-6941-2CF2-3F48-03794B5A6468}.Debug|Any CPU.Build.0 = Debug|Any CPU
		{CADA2E72-6941-2CF2-3F48-03794B5A6468}.Release|Any CPU.ActiveCfg = Release|Any CPU
		{CADA2E72-6941-2CF2-3F48-03794B5A6468}.Release|Any CPU.Build.0 = Release|Any CPU
	EndGlobalSection
	GlobalSection(SolutionProperties) = preSolution
		HideSolutionNode = FALSE
	EndGlobalSection
	GlobalSection(MonoDevelopProperties) = preSolution
		StartupItem = Assembly-CSharp.csproj
	EndGlobalSection
EndGlobal
